// !$*UTF8*$!
{
	archiveVersion = 1;
	classes = {
	};
	objectVersion = 56;
	objects = {

/* Begin PBXBuildFile section */
		6B4F6CB02BB84CDA000FD1AC /* ReadStopAPI.swift in Sources */ = {isa = PBXBuildFile; fileRef = 6B4F6CAF2BB84CDA000FD1AC /* ReadStopAPI.swift */; };
		6B4F6CB22BB84CE7000FD1AC /* ReadRouteAPI.swift in Sources */ = {isa = PBXBuildFile; fileRef = 6B4F6CB12BB84CE7000FD1AC /* ReadRouteAPI.swift */; };
		6BC6062C2BB79893002040C3 /* CampusETAApp.swift in Sources */ = {isa = PBXBuildFile; fileRef = 6BC6062B2BB79893002040C3 /* CampusETAApp.swift */; };
		6BC6062E2BB79893002040C3 /* ContentView.swift in Sources */ = {isa = PBXBuildFile; fileRef = 6BC6062D2BB79893002040C3 /* ContentView.swift */; };
		6BC606302BB79894002040C3 /* Assets.xcassets in Resources */ = {isa = PBXBuildFile; fileRef = 6BC6062F2BB79894002040C3 /* Assets.xcassets */; };
		6BC606332BB79894002040C3 /* Preview Assets.xcassets in Resources */ = {isa = PBXBuildFile; fileRef = 6BC606322BB79894002040C3 /* Preview Assets.xcassets */; };
		6BC6063C2BB79971002040C3 /* ReadData.swift in Sources */ = {isa = PBXBuildFile; fileRef = 6BC6063B2BB79971002040C3 /* ReadData.swift */; };
		6BC606442BB7CF7E002040C3 /* LocationRequestView.swift in Sources */ = {isa = PBXBuildFile; fileRef = 6BC606432BB7CF7E002040C3 /* LocationRequestView.swift */; };
		6BC606462BB7CF9C002040C3 /* LocationManager.swift in Sources */ = {isa = PBXBuildFile; fileRef = 6BC606452BB7CF9C002040C3 /* LocationManager.swift */; };
		6BC606492BB7F260002040C3 /* weekend_stops.json in Resources */ = {isa = PBXBuildFile; fileRef = 6BC606472BB7F260002040C3 /* weekend_stops.json */; };
		6BC6064A2BB7F260002040C3 /* weekday_stops.json in Resources */ = {isa = PBXBuildFile; fileRef = 6BC606482BB7F260002040C3 /* weekday_stops.json */; };
		6BC6C1182BB9C100002DA963 /* WidgetKit.framework in Frameworks */ = {isa = PBXBuildFile; fileRef = 6B4F6CBB2BB8B199000FD1AC /* WidgetKit.framework */; };
		6BC6C1192BB9C100002DA963 /* SwiftUI.framework in Frameworks */ = {isa = PBXBuildFile; fileRef = 6B4F6CBD2BB8B199000FD1AC /* SwiftUI.framework */; };
		6BC6C11C2BB9C100002DA963 /* CampusETAWidgetBundle.swift in Sources */ = {isa = PBXBuildFile; fileRef = 6BC6C11B2BB9C100002DA963 /* CampusETAWidgetBundle.swift */; };
		6BC6C11E2BB9C100002DA963 /* CampusETAWidget.swift in Sources */ = {isa = PBXBuildFile; fileRef = 6BC6C11D2BB9C100002DA963 /* CampusETAWidget.swift */; };
		6BC6C1202BB9C101002DA963 /* Assets.xcassets in Resources */ = {isa = PBXBuildFile; fileRef = 6BC6C11F2BB9C101002DA963 /* Assets.xcassets */; };
		6BC6C1242BB9C101002DA963 /* CampusETAWidgetExtension.appex in Embed Foundation Extensions */ = {isa = PBXBuildFile; fileRef = 6BC6C1172BB9C100002DA963 /* CampusETAWidgetExtension.appex */; settings = {ATTRIBUTES = (RemoveHeadersOnCopy, ); }; };
		6BC6C1282BB9C99C002DA963 /* ReadData.swift in Sources */ = {isa = PBXBuildFile; fileRef = 6BC6063B2BB79971002040C3 /* ReadData.swift */; };
		6BC6C1292BB9C9AA002DA963 /* ContentView.swift in Sources */ = {isa = PBXBuildFile; fileRef = 6BC6062D2BB79893002040C3 /* ContentView.swift */; };
		6BC6C12A2BB9CA43002DA963 /* ReadStopAPI.swift in Sources */ = {isa = PBXBuildFile; fileRef = 6B4F6CAF2BB84CDA000FD1AC /* ReadStopAPI.swift */; };
		6BC6C12B2BB9CA7B002DA963 /* ReadRouteAPI.swift in Sources */ = {isa = PBXBuildFile; fileRef = 6B4F6CB12BB84CE7000FD1AC /* ReadRouteAPI.swift */; };
		6BC6C12C2BB9D174002DA963 /* LocationManager.swift in Sources */ = {isa = PBXBuildFile; fileRef = 6BC606452BB7CF9C002040C3 /* LocationManager.swift */; };
		6BC6C12D2BB9D208002DA963 /* LocationRequestView.swift in Sources */ = {isa = PBXBuildFile; fileRef = 6BC606432BB7CF7E002040C3 /* LocationRequestView.swift */; };
		6BC6C12E2BB9D297002DA963 /* weekend_stops.json in Resources */ = {isa = PBXBuildFile; fileRef = 6BC606472BB7F260002040C3 /* weekend_stops.json */; };
		6BC6C12F2BB9D29A002DA963 /* weekday_stops.json in Resources */ = {isa = PBXBuildFile; fileRef = 6BC606482BB7F260002040C3 /* weekday_stops.json */; };
/* End PBXBuildFile section */

/* Begin PBXContainerItemProxy section */
		6BC6C1222BB9C101002DA963 /* PBXContainerItemProxy */ = {
			isa = PBXContainerItemProxy;
			containerPortal = 6BC606202BB79893002040C3 /* Project object */;
			proxyType = 1;
			remoteGlobalIDString = 6BC6C1162BB9C100002DA963;
			remoteInfo = CampusETAWidgetExtension;
		};
/* End PBXContainerItemProxy section */

/* Begin PBXCopyFilesBuildPhase section */
		6B4F6CCE2BB8B19A000FD1AC /* Embed Foundation Extensions */ = {
			isa = PBXCopyFilesBuildPhase;
			buildActionMask = 2147483647;
			dstPath = "";
			dstSubfolderSpec = 13;
			files = (
				6BC6C1242BB9C101002DA963 /* CampusETAWidgetExtension.appex in Embed Foundation Extensions */,
			);
			name = "Embed Foundation Extensions";
			runOnlyForDeploymentPostprocessing = 0;
		};
/* End PBXCopyFilesBuildPhase section */

/* Begin PBXFileReference section */
		6B4F6CAF2BB84CDA000FD1AC /* ReadStopAPI.swift */ = {isa = PBXFileReference; lastKnownFileType = sourcecode.swift; path = ReadStopAPI.swift; sourceTree = "<group>"; };
		6B4F6CB12BB84CE7000FD1AC /* ReadRouteAPI.swift */ = {isa = PBXFileReference; lastKnownFileType = sourcecode.swift; path = ReadRouteAPI.swift; sourceTree = "<group>"; };
		6B4F6CBB2BB8B199000FD1AC /* WidgetKit.framework */ = {isa = PBXFileReference; lastKnownFileType = wrapper.framework; name = WidgetKit.framework; path = System/Library/Frameworks/WidgetKit.framework; sourceTree = SDKROOT; };
		6B4F6CBD2BB8B199000FD1AC /* SwiftUI.framework */ = {isa = PBXFileReference; lastKnownFileType = wrapper.framework; name = SwiftUI.framework; path = System/Library/Frameworks/SwiftUI.framework; sourceTree = SDKROOT; };
		6BC606282BB79893002040C3 /* CampusETA.app */ = {isa = PBXFileReference; explicitFileType = wrapper.application; includeInIndex = 0; path = CampusETA.app; sourceTree = BUILT_PRODUCTS_DIR; };
		6BC6062B2BB79893002040C3 /* CampusETAApp.swift */ = {isa = PBXFileReference; lastKnownFileType = sourcecode.swift; path = CampusETAApp.swift; sourceTree = "<group>"; };
		6BC6062D2BB79893002040C3 /* ContentView.swift */ = {isa = PBXFileReference; lastKnownFileType = sourcecode.swift; path = ContentView.swift; sourceTree = "<group>"; };
		6BC6062F2BB79894002040C3 /* Assets.xcassets */ = {isa = PBXFileReference; lastKnownFileType = folder.assetcatalog; path = Assets.xcassets; sourceTree = "<group>"; };
		6BC606322BB79894002040C3 /* Preview Assets.xcassets */ = {isa = PBXFileReference; lastKnownFileType = folder.assetcatalog; path = "Preview Assets.xcassets"; sourceTree = "<group>"; };
		6BC6063B2BB79971002040C3 /* ReadData.swift */ = {isa = PBXFileReference; lastKnownFileType = sourcecode.swift; path = ReadData.swift; sourceTree = "<group>"; };
		6BC606432BB7CF7E002040C3 /* LocationRequestView.swift */ = {isa = PBXFileReference; lastKnownFileType = sourcecode.swift; path = LocationRequestView.swift; sourceTree = "<group>"; };
		6BC606452BB7CF9C002040C3 /* LocationManager.swift */ = {isa = PBXFileReference; lastKnownFileType = sourcecode.swift; path = LocationManager.swift; sourceTree = "<group>"; };
		6BC606472BB7F260002040C3 /* weekend_stops.json */ = {isa = PBXFileReference; fileEncoding = 4; lastKnownFileType = text.json; name = weekend_stops.json; path = ../../../../Downloads/weekend_stops.json; sourceTree = "<group>"; };
		6BC606482BB7F260002040C3 /* weekday_stops.json */ = {isa = PBXFileReference; fileEncoding = 4; lastKnownFileType = text.json; name = weekday_stops.json; path = ../../../../Downloads/weekday_stops.json; sourceTree = "<group>"; };
		6BC6064B2BB7FAD9002040C3 /* gpxgenerator_path.gpx */ = {isa = PBXFileReference; lastKnownFileType = text.xml; name = gpxgenerator_path.gpx; path = ../../../Downloads/gpxgenerator_path.gpx; sourceTree = "<group>"; };
		6BC6064C2BB7FADE002040C3 /* CampusETA.xctestplan */ = {isa = PBXFileReference; lastKnownFileType = text; path = CampusETA.xctestplan; sourceTree = "<group>"; };
		6BC6C1172BB9C100002DA963 /* CampusETAWidgetExtension.appex */ = {isa = PBXFileReference; explicitFileType = "wrapper.app-extension"; includeInIndex = 0; path = CampusETAWidgetExtension.appex; sourceTree = BUILT_PRODUCTS_DIR; };
		6BC6C11B2BB9C100002DA963 /* CampusETAWidgetBundle.swift */ = {isa = PBXFileReference; lastKnownFileType = sourcecode.swift; path = CampusETAWidgetBundle.swift; sourceTree = "<group>"; };
		6BC6C11D2BB9C100002DA963 /* CampusETAWidget.swift */ = {isa = PBXFileReference; lastKnownFileType = sourcecode.swift; path = CampusETAWidget.swift; sourceTree = "<group>"; };
		6BC6C11F2BB9C101002DA963 /* Assets.xcassets */ = {isa = PBXFileReference; lastKnownFileType = folder.assetcatalog; path = Assets.xcassets; sourceTree = "<group>"; };
		6BC6C1212BB9C101002DA963 /* Info.plist */ = {isa = PBXFileReference; lastKnownFileType = text.plist.xml; path = Info.plist; sourceTree = "<group>"; };
/* End PBXFileReference section */

/* Begin PBXFrameworksBuildPhase section */
		6BC606252BB79893002040C3 /* Frameworks */ = {
			isa = PBXFrameworksBuildPhase;
			buildActionMask = 2147483647;
			files = (
			);
			runOnlyForDeploymentPostprocessing = 0;
		};
		6BC6C1142BB9C100002DA963 /* Frameworks */ = {
			isa = PBXFrameworksBuildPhase;
			buildActionMask = 2147483647;
			files = (
				6BC6C1192BB9C100002DA963 /* SwiftUI.framework in Frameworks */,
				6BC6C1182BB9C100002DA963 /* WidgetKit.framework in Frameworks */,
			);
			runOnlyForDeploymentPostprocessing = 0;
		};
/* End PBXFrameworksBuildPhase section */

/* Begin PBXGroup section */
		6B4F6CBA2BB8B199000FD1AC /* Frameworks */ = {
			isa = PBXGroup;
			children = (
				6B4F6CBB2BB8B199000FD1AC /* WidgetKit.framework */,
				6B4F6CBD2BB8B199000FD1AC /* SwiftUI.framework */,
			);
			name = Frameworks;
			sourceTree = "<group>";
		};
		6BC6061F2BB79893002040C3 = {
			isa = PBXGroup;
			children = (
				6BC6064C2BB7FADE002040C3 /* CampusETA.xctestplan */,
				6BC6064B2BB7FAD9002040C3 /* gpxgenerator_path.gpx */,
				6BC6062A2BB79893002040C3 /* CampusETA */,
				6BC6C11A2BB9C100002DA963 /* CampusETAWidget */,
				6B4F6CBA2BB8B199000FD1AC /* Frameworks */,
				6BC606292BB79893002040C3 /* Products */,
			);
			sourceTree = "<group>";
		};
		6BC606292BB79893002040C3 /* Products */ = {
			isa = PBXGroup;
			children = (
				6BC606282BB79893002040C3 /* CampusETA.app */,
				6BC6C1172BB9C100002DA963 /* CampusETAWidgetExtension.appex */,
			);
			name = Products;
			sourceTree = "<group>";
		};
		6BC6062A2BB79893002040C3 /* CampusETA */ = {
			isa = PBXGroup;
			children = (
				6BC606482BB7F260002040C3 /* weekday_stops.json */,
				6BC606472BB7F260002040C3 /* weekend_stops.json */,
				6BC6062B2BB79893002040C3 /* CampusETAApp.swift */,
				6BC6062D2BB79893002040C3 /* ContentView.swift */,
				6BC6062F2BB79894002040C3 /* Assets.xcassets */,
				6BC606312BB79894002040C3 /* Preview Content */,
				6BC6063B2BB79971002040C3 /* ReadData.swift */,
				6BC606432BB7CF7E002040C3 /* LocationRequestView.swift */,
				6BC606452BB7CF9C002040C3 /* LocationManager.swift */,
				6B4F6CAF2BB84CDA000FD1AC /* ReadStopAPI.swift */,
				6B4F6CB12BB84CE7000FD1AC /* ReadRouteAPI.swift */,
			);
			path = CampusETA;
			sourceTree = "<group>";
		};
		6BC606312BB79894002040C3 /* Preview Content */ = {
			isa = PBXGroup;
			children = (
				6BC606322BB79894002040C3 /* Preview Assets.xcassets */,
			);
			path = "Preview Content";
			sourceTree = "<group>";
		};
		6BC6C11A2BB9C100002DA963 /* CampusETAWidget */ = {
			isa = PBXGroup;
			children = (
				6BC6C11B2BB9C100002DA963 /* CampusETAWidgetBundle.swift */,
				6BC6C11D2BB9C100002DA963 /* CampusETAWidget.swift */,
				6BC6C11F2BB9C101002DA963 /* Assets.xcassets */,
				6BC6C1212BB9C101002DA963 /* Info.plist */,
			);
			path = CampusETAWidget;
			sourceTree = "<group>";
		};
/* End PBXGroup section */

/* Begin PBXNativeTarget section */
		6BC606272BB79893002040C3 /* CampusETA */ = {
			isa = PBXNativeTarget;
			buildConfigurationList = 6BC606362BB79894002040C3 /* Build configuration list for PBXNativeTarget "CampusETA" */;
			buildPhases = (
				6BC606242BB79893002040C3 /* Sources */,
				6BC606252BB79893002040C3 /* Frameworks */,
				6BC606262BB79893002040C3 /* Resources */,
				6B4F6CCE2BB8B19A000FD1AC /* Embed Foundation Extensions */,
			);
			buildRules = (
			);
			dependencies = (
				6BC6C1232BB9C101002DA963 /* PBXTargetDependency */,
			);
			name = CampusETA;
			productName = CampusETA;
			productReference = 6BC606282BB79893002040C3 /* CampusETA.app */;
			productType = "com.apple.product-type.application";
		};
		6BC6C1162BB9C100002DA963 /* CampusETAWidgetExtension */ = {
			isa = PBXNativeTarget;
			buildConfigurationList = 6BC6C1272BB9C101002DA963 /* Build configuration list for PBXNativeTarget "CampusETAWidgetExtension" */;
			buildPhases = (
				6BC6C1132BB9C100002DA963 /* Sources */,
				6BC6C1142BB9C100002DA963 /* Frameworks */,
				6BC6C1152BB9C100002DA963 /* Resources */,
			);
			buildRules = (
			);
			dependencies = (
			);
			name = CampusETAWidgetExtension;
			productName = CampusETAWidgetExtension;
			productReference = 6BC6C1172BB9C100002DA963 /* CampusETAWidgetExtension.appex */;
			productType = "com.apple.product-type.app-extension";
		};
/* End PBXNativeTarget section */

/* Begin PBXProject section */
		6BC606202BB79893002040C3 /* Project object */ = {
			isa = PBXProject;
			attributes = {
				BuildIndependentTargetsInParallel = 1;
				LastSwiftUpdateCheck = 1530;
				LastUpgradeCheck = 1530;
				TargetAttributes = {
					6BC606272BB79893002040C3 = {
						CreatedOnToolsVersion = 15.3;
					};
					6BC6C1162BB9C100002DA963 = {
						CreatedOnToolsVersion = 15.3;
					};
				};
			};
			buildConfigurationList = 6BC606232BB79893002040C3 /* Build configuration list for PBXProject "CampusETA" */;
			compatibilityVersion = "Xcode 14.0";
			developmentRegion = en;
			hasScannedForEncodings = 0;
			knownRegions = (
				en,
				Base,
			);
			mainGroup = 6BC6061F2BB79893002040C3;
			productRefGroup = 6BC606292BB79893002040C3 /* Products */;
			projectDirPath = "";
			projectRoot = "";
			targets = (
				6BC606272BB79893002040C3 /* CampusETA */,
				6BC6C1162BB9C100002DA963 /* CampusETAWidgetExtension */,
			);
		};
/* End PBXProject section */

/* Begin PBXResourcesBuildPhase section */
		6BC606262BB79893002040C3 /* Resources */ = {
			isa = PBXResourcesBuildPhase;
			buildActionMask = 2147483647;
			files = (
				6BC6064A2BB7F260002040C3 /* weekday_stops.json in Resources */,
				6BC606332BB79894002040C3 /* Preview Assets.xcassets in Resources */,
				6BC606492BB7F260002040C3 /* weekend_stops.json in Resources */,
				6BC606302BB79894002040C3 /* Assets.xcassets in Resources */,
			);
			runOnlyForDeploymentPostprocessing = 0;
		};
		6BC6C1152BB9C100002DA963 /* Resources */ = {
			isa = PBXResourcesBuildPhase;
			buildActionMask = 2147483647;
			files = (
				6BC6C1202BB9C101002DA963 /* Assets.xcassets in Resources */,
				6BC6C12F2BB9D29A002DA963 /* weekday_stops.json in Resources */,
				6BC6C12E2BB9D297002DA963 /* weekend_stops.json in Resources */,
			);
			runOnlyForDeploymentPostprocessing = 0;
		};
/* End PBXResourcesBuildPhase section */

/* Begin PBXSourcesBuildPhase section */
		6BC606242BB79893002040C3 /* Sources */ = {
			isa = PBXSourcesBuildPhase;
			buildActionMask = 2147483647;
			files = (
				6BC6063C2BB79971002040C3 /* ReadData.swift in Sources */,
				6B4F6CB22BB84CE7000FD1AC /* ReadRouteAPI.swift in Sources */,
				6BC606462BB7CF9C002040C3 /* LocationManager.swift in Sources */,
				6BC6062E2BB79893002040C3 /* ContentView.swift in Sources */,
				6BC606442BB7CF7E002040C3 /* LocationRequestView.swift in Sources */,
				6B4F6CB02BB84CDA000FD1AC /* ReadStopAPI.swift in Sources */,
				6BC6062C2BB79893002040C3 /* CampusETAApp.swift in Sources */,
			);
			runOnlyForDeploymentPostprocessing = 0;
		};
		6BC6C1132BB9C100002DA963 /* Sources */ = {
			isa = PBXSourcesBuildPhase;
			buildActionMask = 2147483647;
			files = (
				6BC6C12B2BB9CA7B002DA963 /* ReadRouteAPI.swift in Sources */,
				6BC6C12D2BB9D208002DA963 /* LocationRequestView.swift in Sources */,
				6BC6C1282BB9C99C002DA963 /* ReadData.swift in Sources */,
				6BC6C11C2BB9C100002DA963 /* CampusETAWidgetBundle.swift in Sources */,
				6BC6C12C2BB9D174002DA963 /* LocationManager.swift in Sources */,
				6BC6C12A2BB9CA43002DA963 /* ReadStopAPI.swift in Sources */,
				6BC6C1292BB9C9AA002DA963 /* ContentView.swift in Sources */,
				6BC6C11E2BB9C100002DA963 /* CampusETAWidget.swift in Sources */,
			);
			runOnlyForDeploymentPostprocessing = 0;
		};
/* End PBXSourcesBuildPhase section */

/* Begin PBXTargetDependency section */
		6BC6C1232BB9C101002DA963 /* PBXTargetDependency */ = {
			isa = PBXTargetDependency;
			target = 6BC6C1162BB9C100002DA963 /* CampusETAWidgetExtension */;
			targetProxy = 6BC6C1222BB9C101002DA963 /* PBXContainerItemProxy */;
		};
/* End PBXTargetDependency section */

/* Begin XCBuildConfiguration section */
		6BC606342BB79894002040C3 /* Debug */ = {
			isa = XCBuildConfiguration;
			buildSettings = {
				ALWAYS_SEARCH_USER_PATHS = NO;
				ASSETCATALOG_COMPILER_GENERATE_SWIFT_ASSET_SYMBOL_EXTENSIONS = YES;
				CLANG_ANALYZER_NONNULL = YES;
				CLANG_ANALYZER_NUMBER_OBJECT_CONVERSION = YES_AGGRESSIVE;
				CLANG_CXX_LANGUAGE_STANDARD = "gnu++20";
				CLANG_ENABLE_MODULES = YES;
				CLANG_ENABLE_OBJC_ARC = YES;
				CLANG_ENABLE_OBJC_WEAK = YES;
				CLANG_WARN_BLOCK_CAPTURE_AUTORELEASING = YES;
				CLANG_WARN_BOOL_CONVERSION = YES;
				CLANG_WARN_COMMA = YES;
				CLANG_WARN_CONSTANT_CONVERSION = YES;
				CLANG_WARN_DEPRECATED_OBJC_IMPLEMENTATIONS = YES;
				CLANG_WARN_DIRECT_OBJC_ISA_USAGE = YES_ERROR;
				CLANG_WARN_DOCUMENTATION_COMMENTS = YES;
				CLANG_WARN_EMPTY_BODY = YES;
				CLANG_WARN_ENUM_CONVERSION = YES;
				CLANG_WARN_INFINITE_RECURSION = YES;
				CLANG_WARN_INT_CONVERSION = YES;
				CLANG_WARN_NON_LITERAL_NULL_CONVERSION = YES;
				CLANG_WARN_OBJC_IMPLICIT_RETAIN_SELF = YES;
				CLANG_WARN_OBJC_LITERAL_CONVERSION = YES;
				CLANG_WARN_OBJC_ROOT_CLASS = YES_ERROR;
				CLANG_WARN_QUOTED_INCLUDE_IN_FRAMEWORK_HEADER = YES;
				CLANG_WARN_RANGE_LOOP_ANALYSIS = YES;
				CLANG_WARN_STRICT_PROTOTYPES = YES;
				CLANG_WARN_SUSPICIOUS_MOVE = YES;
				CLANG_WARN_UNGUARDED_AVAILABILITY = YES_AGGRESSIVE;
				CLANG_WARN_UNREACHABLE_CODE = YES;
				CLANG_WARN__DUPLICATE_METHOD_MATCH = YES;
				COPY_PHASE_STRIP = NO;
				DEBUG_INFORMATION_FORMAT = dwarf;
				ENABLE_STRICT_OBJC_MSGSEND = YES;
				ENABLE_TESTABILITY = YES;
				ENABLE_USER_SCRIPT_SANDBOXING = YES;
				GCC_C_LANGUAGE_STANDARD = gnu17;
				GCC_DYNAMIC_NO_PIC = NO;
				GCC_NO_COMMON_BLOCKS = YES;
				GCC_OPTIMIZATION_LEVEL = 0;
				GCC_PREPROCESSOR_DEFINITIONS = (
					"DEBUG=1",
					"$(inherited)",
				);
				GCC_WARN_64_TO_32_BIT_CONVERSION = YES;
				GCC_WARN_ABOUT_RETURN_TYPE = YES_ERROR;
				GCC_WARN_UNDECLARED_SELECTOR = YES;
				GCC_WARN_UNINITIALIZED_AUTOS = YES_AGGRESSIVE;
				GCC_WARN_UNUSED_FUNCTION = YES;
				GCC_WARN_UNUSED_VARIABLE = YES;
				IPHONEOS_DEPLOYMENT_TARGET = 17.4;
				LOCALIZATION_PREFERS_STRING_CATALOGS = YES;
				MTL_ENABLE_DEBUG_INFO = INCLUDE_SOURCE;
				MTL_FAST_MATH = YES;
				ONLY_ACTIVE_ARCH = YES;
				SDKROOT = iphoneos;
				SWIFT_ACTIVE_COMPILATION_CONDITIONS = "DEBUG $(inherited)";
				SWIFT_OPTIMIZATION_LEVEL = "-Onone";
			};
			name = Debug;
		};
		6BC606352BB79894002040C3 /* Release */ = {
			isa = XCBuildConfiguration;
			buildSettings = {
				ALWAYS_SEARCH_USER_PATHS = NO;
				ASSETCATALOG_COMPILER_GENERATE_SWIFT_ASSET_SYMBOL_EXTENSIONS = YES;
				CLANG_ANALYZER_NONNULL = YES;
				CLANG_ANALYZER_NUMBER_OBJECT_CONVERSION = YES_AGGRESSIVE;
				CLANG_CXX_LANGUAGE_STANDARD = "gnu++20";
				CLANG_ENABLE_MODULES = YES;
				CLANG_ENABLE_OBJC_ARC = YES;
				CLANG_ENABLE_OBJC_WEAK = YES;
				CLANG_WARN_BLOCK_CAPTURE_AUTORELEASING = YES;
				CLANG_WARN_BOOL_CONVERSION = YES;
				CLANG_WARN_COMMA = YES;
				CLANG_WARN_CONSTANT_CONVERSION = YES;
				CLANG_WARN_DEPRECATED_OBJC_IMPLEMENTATIONS = YES;
				CLANG_WARN_DIRECT_OBJC_ISA_USAGE = YES_ERROR;
				CLANG_WARN_DOCUMENTATION_COMMENTS = YES;
				CLANG_WARN_EMPTY_BODY = YES;
				CLANG_WARN_ENUM_CONVERSION = YES;
				CLANG_WARN_INFINITE_RECURSION = YES;
				CLANG_WARN_INT_CONVERSION = YES;
				CLANG_WARN_NON_LITERAL_NULL_CONVERSION = YES;
				CLANG_WARN_OBJC_IMPLICIT_RETAIN_SELF = YES;
				CLANG_WARN_OBJC_LITERAL_CONVERSION = YES;
				CLANG_WARN_OBJC_ROOT_CLASS = YES_ERROR;
				CLANG_WARN_QUOTED_INCLUDE_IN_FRAMEWORK_HEADER = YES;
				CLANG_WARN_RANGE_LOOP_ANALYSIS = YES;
				CLANG_WARN_STRICT_PROTOTYPES = YES;
				CLANG_WARN_SUSPICIOUS_MOVE = YES;
				CLANG_WARN_UNGUARDED_AVAILABILITY = YES_AGGRESSIVE;
				CLANG_WARN_UNREACHABLE_CODE = YES;
				CLANG_WARN__DUPLICATE_METHOD_MATCH = YES;
				COPY_PHASE_STRIP = NO;
				DEBUG_INFORMATION_FORMAT = "dwarf-with-dsym";
				ENABLE_NS_ASSERTIONS = NO;
				ENABLE_STRICT_OBJC_MSGSEND = YES;
				ENABLE_USER_SCRIPT_SANDBOXING = YES;
				GCC_C_LANGUAGE_STANDARD = gnu17;
				GCC_NO_COMMON_BLOCKS = YES;
				GCC_WARN_64_TO_32_BIT_CONVERSION = YES;
				GCC_WARN_ABOUT_RETURN_TYPE = YES_ERROR;
				GCC_WARN_UNDECLARED_SELECTOR = YES;
				GCC_WARN_UNINITIALIZED_AUTOS = YES_AGGRESSIVE;
				GCC_WARN_UNUSED_FUNCTION = YES;
				GCC_WARN_UNUSED_VARIABLE = YES;
				IPHONEOS_DEPLOYMENT_TARGET = 17.4;
				LOCALIZATION_PREFERS_STRING_CATALOGS = YES;
				MTL_ENABLE_DEBUG_INFO = NO;
				MTL_FAST_MATH = YES;
				SDKROOT = iphoneos;
				SWIFT_COMPILATION_MODE = wholemodule;
				VALIDATE_PRODUCT = YES;
			};
			name = Release;
		};
		6BC606372BB79894002040C3 /* Debug */ = {
			isa = XCBuildConfiguration;
			buildSettings = {
				ALWAYS_EMBED_SWIFT_STANDARD_LIBRARIES = YES;
				ASSETCATALOG_COMPILER_APPICON_NAME = AppIcon;
				ASSETCATALOG_COMPILER_GLOBAL_ACCENT_COLOR_NAME = AccentColor;
				CODE_SIGN_STYLE = Automatic;
				CURRENT_PROJECT_VERSION = 1;
				DEVELOPMENT_ASSET_PATHS = "\"CampusETA/Preview Content\"";
				DEVELOPMENT_TEAM = K9L6WUQ8U9;
				ENABLE_PREVIEWS = YES;
				GENERATE_INFOPLIST_FILE = YES;
				INFOPLIST_KEY_NSLocationWhenInUseUsageDescription = "Please allow us to use your location.";
				INFOPLIST_KEY_UIApplicationSceneManifest_Generation = YES;
				INFOPLIST_KEY_UIApplicationSupportsIndirectInputEvents = YES;
				INFOPLIST_KEY_UILaunchScreen_Generation = YES;
				INFOPLIST_KEY_UISupportedInterfaceOrientations_iPad = "UIInterfaceOrientationPortrait UIInterfaceOrientationPortraitUpsideDown UIInterfaceOrientationLandscapeLeft UIInterfaceOrientationLandscapeRight";
				INFOPLIST_KEY_UISupportedInterfaceOrientations_iPhone = "UIInterfaceOrientationPortrait UIInterfaceOrientationLandscapeLeft UIInterfaceOrientationLandscapeRight";
				LD_RUNPATH_SEARCH_PATHS = (
					"$(inherited)",
					"@executable_path/Frameworks",
				);
				MARKETING_VERSION = 1.0;
				PRODUCT_BUNDLE_IDENTIFIER = com.kvarad.CampusETA;
				PRODUCT_NAME = "$(TARGET_NAME)";
				SWIFT_EMIT_LOC_STRINGS = YES;
				SWIFT_VERSION = 5.0;
				TARGETED_DEVICE_FAMILY = "1,2";
			};
			name = Debug;
		};
		6BC606382BB79894002040C3 /* Release */ = {
			isa = XCBuildConfiguration;
			buildSettings = {
				ALWAYS_EMBED_SWIFT_STANDARD_LIBRARIES = YES;
				ASSETCATALOG_COMPILER_APPICON_NAME = AppIcon;
				ASSETCATALOG_COMPILER_GLOBAL_ACCENT_COLOR_NAME = AccentColor;
				CODE_SIGN_STYLE = Automatic;
				CURRENT_PROJECT_VERSION = 1;
				DEVELOPMENT_ASSET_PATHS = "\"CampusETA/Preview Content\"";
				DEVELOPMENT_TEAM = K9L6WUQ8U9;
				ENABLE_PREVIEWS = YES;
				GENERATE_INFOPLIST_FILE = YES;
				INFOPLIST_KEY_NSLocationWhenInUseUsageDescription = "Please allow us to use your location.";
				INFOPLIST_KEY_UIApplicationSceneManifest_Generation = YES;
				INFOPLIST_KEY_UIApplicationSupportsIndirectInputEvents = YES;
				INFOPLIST_KEY_UILaunchScreen_Generation = YES;
				INFOPLIST_KEY_UISupportedInterfaceOrientations_iPad = "UIInterfaceOrientationPortrait UIInterfaceOrientationPortraitUpsideDown UIInterfaceOrientationLandscapeLeft UIInterfaceOrientationLandscapeRight";
				INFOPLIST_KEY_UISupportedInterfaceOrientations_iPhone = "UIInterfaceOrientationPortrait UIInterfaceOrientationLandscapeLeft UIInterfaceOrientationLandscapeRight";
				LD_RUNPATH_SEARCH_PATHS = (
					"$(inherited)",
					"@executable_path/Frameworks",
				);
				MARKETING_VERSION = 1.0;
				PRODUCT_BUNDLE_IDENTIFIER = com.kvarad.CampusETA;
				PRODUCT_NAME = "$(TARGET_NAME)";
				SWIFT_EMIT_LOC_STRINGS = YES;
				SWIFT_VERSION = 5.0;
				TARGETED_DEVICE_FAMILY = "1,2";
			};
			name = Release;
		};
		6BC6C1252BB9C101002DA963 /* Debug */ = {
			isa = XCBuildConfiguration;
			buildSettings = {
				ASSETCATALOG_COMPILER_GLOBAL_ACCENT_COLOR_NAME = AccentColor;
				ASSETCATALOG_COMPILER_WIDGET_BACKGROUND_COLOR_NAME = WidgetBackground;
				CODE_SIGN_STYLE = Automatic;
				CURRENT_PROJECT_VERSION = 1;
				DEVELOPMENT_TEAM = K9L6WUQ8U9;
				GENERATE_INFOPLIST_FILE = YES;
				INFOPLIST_FILE = CampusETAWidget/Info.plist;
				INFOPLIST_KEY_CFBundleDisplayName = CampusETAWidget;
				INFOPLIST_KEY_NSHumanReadableCopyright = "";
				LD_RUNPATH_SEARCH_PATHS = (
					"$(inherited)",
					"@executable_path/Frameworks",
					"@executable_path/../../Frameworks",
				);
				MARKETING_VERSION = 1.0;
				PRODUCT_BUNDLE_IDENTIFIER = com.kvarad.CampusETA.CampusETAWidget;
				PRODUCT_NAME = "$(TARGET_NAME)";
				SKIP_INSTALL = YES;
				SWIFT_EMIT_LOC_STRINGS = YES;
				SWIFT_VERSION = 5.0;
				TARGETED_DEVICE_FAMILY = "1,2";
			};
			name = Debug;
		};
		6BC6C1262BB9C101002DA963 /* Release */ = {
			isa = XCBuildConfiguration;
			buildSettings = {
				ASSETCATALOG_COMPILER_GLOBAL_ACCENT_COLOR_NAME = AccentColor;
				ASSETCATALOG_COMPILER_WIDGET_BACKGROUND_COLOR_NAME = WidgetBackground;
				CODE_SIGN_STYLE = Automatic;
				CURRENT_PROJECT_VERSION = 1;
				DEVELOPMENT_TEAM = K9L6WUQ8U9;
				GENERATE_INFOPLIST_FILE = YES;
				INFOPLIST_FILE = CampusETAWidget/Info.plist;
				INFOPLIST_KEY_CFBundleDisplayName = CampusETAWidget;
				INFOPLIST_KEY_NSHumanReadableCopyright = "";
				LD_RUNPATH_SEARCH_PATHS = (
					"$(inherited)",
					"@executable_path/Frameworks",
					"@executable_path/../../Frameworks",
				);
				MARKETING_VERSION = 1.0;
				PRODUCT_BUNDLE_IDENTIFIER = com.kvarad.CampusETA.CampusETAWidget;
				PRODUCT_NAME = "$(TARGET_NAME)";
				SKIP_INSTALL = YES;
				SWIFT_EMIT_LOC_STRINGS = YES;
				SWIFT_VERSION = 5.0;
				TARGETED_DEVICE_FAMILY = "1,2";
			};
			name = Release;
		};
/* End XCBuildConfiguration section */

/* Begin XCConfigurationList section */
		6BC606232BB79893002040C3 /* Build configuration list for PBXProject "CampusETA" */ = {
			isa = XCConfigurationList;
			buildConfigurations = (
				6BC606342BB79894002040C3 /* Debug */,
				6BC606352BB79894002040C3 /* Release */,
			);
			defaultConfigurationIsVisible = 0;
			defaultConfigurationName = Release;
		};
		6BC606362BB79894002040C3 /* Build configuration list for PBXNativeTarget "CampusETA" */ = {
			isa = XCConfigurationList;
			buildConfigurations = (
				6BC606372BB79894002040C3 /* Debug */,
				6BC606382BB79894002040C3 /* Release */,
			);
			defaultConfigurationIsVisible = 0;
			defaultConfigurationName = Release;
		};
		6BC6C1272BB9C101002DA963 /* Build configuration list for PBXNativeTarget "CampusETAWidgetExtension" */ = {
			isa = XCConfigurationList;
			buildConfigurations = (
				6BC6C1252BB9C101002DA963 /* Debug */,
				6BC6C1262BB9C101002DA963 /* Release */,
			);
			defaultConfigurationIsVisible = 0;
			defaultConfigurationName = Release;
		};
/* End XCConfigurationList section */
	};
	rootObject = 6BC606202BB79893002040C3 /* Project object */;
}
